PODS:
  - ReactiveObjC (3.1.0)
  - SDWebImage (3.8.2):
    - SDWebImage/Core (= 3.8.2)
  - SDWebImage/Core (3.8.2)
  - YYAsyncLayer (1.0)
  - YYText (1.0.7)

DEPENDENCIES:
  - ReactiveObjC
  - SDWebImage (~> 3.8.2)
  - YYAsyncLayer
  - YYText

SPEC REPOS:
  https://github.com/cocoapods/specs.git:
    - ReactiveObjC
    - SDWebImage
    - YYAsyncLayer
    - YYText

SPEC CHECKSUMS:
  ReactiveObjC: 2a38ea15335de4119d8b17caf1db1484f61db902
  SDWebImage: 098e97e6176540799c27e804c96653ee0833d13c
  YYAsyncLayer: df6b01ebc695c5f6b4c15dd5c23fa3e081eb25c0
  YYText: 5c461d709e24d55a182d1441c41dc639a18a4849

PODFILE CHECKSUM: 4e745e0f8a8edf16d2d690a0132aad81b2b7cca9

COCOAPODS: 1.6.0.beta.2
