// !$*UTF8*$!
{
	archiveVersion = 1;
	classes = {
	};
	objectVersion = 46;
	objects = {

/* Begin PBXBuildFile section */
		6301DFC41E6CF706008045EA /* StructVC.m in Sources */ = {isa = PBXBuildFile; fileRef = 6301DFC31E6CF706008045EA /* StructVC.m */; };
		6301DFC71E6D045B008045EA /* AnimationView.m in Sources */ = {isa = PBXBuildFile; fileRef = 6301DFC61E6D045B008045EA /* AnimationView.m */; };
		63033A461EB1DD8D00295342 /* icon_back_normal@2x.png in Resources */ = {isa = PBXBuildFile; fileRef = 63033A431EB1DD8D00295342 /* icon_back_normal@2x.png */; };
		63033A471EB1DD8D00295342 /* NavigationController.storyboard in Resources */ = {isa = PBXBuildFile; fileRef = 63033A441EB1DD8D00295342 /* NavigationController.storyboard */; };
		63033A481EB1DD8D00295342 /* SecondVC.swift in Sources */ = {isa = PBXBuildFile; fileRef = 63033A451EB1DD8D00295342 /* SecondVC.swift */; };
		63033A4E1EB1DE0900295342 /* PackageView.storyboard in Resources */ = {isa = PBXBuildFile; fileRef = 63033A4D1EB1DE0900295342 /* PackageView.storyboard */; };
		63033A511EB1DE1A00295342 /* PullDownView.m in Sources */ = {isa = PBXBuildFile; fileRef = 63033A501EB1DE1A00295342 /* PullDownView.m */; };
		63033A541EB1DE4300295342 /* PackageViewVC.m in Sources */ = {isa = PBXBuildFile; fileRef = 63033A531EB1DE4300295342 /* PackageViewVC.m */; };
		630F22111EE53B9A00EF24F1 /* Block.storyboard in Resources */ = {isa = PBXBuildFile; fileRef = 630F22101EE53B9A00EF24F1 /* Block.storyboard */; };
		630F22141EE53BC900EF24F1 /* BlcokViewController.m in Sources */ = {isa = PBXBuildFile; fileRef = 630F22131EE53BC900EF24F1 /* BlcokViewController.m */; };
		631C43F91EEF8ABD003A02EA /* StudyNotesTests.swift in Sources */ = {isa = PBXBuildFile; fileRef = 631C43F81EEF8ABD003A02EA /* StudyNotesTests.swift */; };
		631C44051EEF957C003A02EA /* Hobby.swift in Sources */ = {isa = PBXBuildFile; fileRef = 63E9608E1ED287510064EA8A /* Hobby.swift */; };
		6322229F1E499F69002361B2 /* Runtime.storyboard in Resources */ = {isa = PBXBuildFile; fileRef = 6322229E1E499F69002361B2 /* Runtime.storyboard */; };
		6327AE341E480BB700ABEFF1 /* AppDelegate.swift in Sources */ = {isa = PBXBuildFile; fileRef = 6327AE331E480BB700ABEFF1 /* AppDelegate.swift */; };
		6327AE391E480BB700ABEFF1 /* Main.storyboard in Resources */ = {isa = PBXBuildFile; fileRef = 6327AE371E480BB700ABEFF1 /* Main.storyboard */; };
		6327AE3E1E480BB700ABEFF1 /* LaunchScreen.storyboard in Resources */ = {isa = PBXBuildFile; fileRef = 6327AE3C1E480BB700ABEFF1 /* LaunchScreen.storyboard */; };
		6327AE491E480CAE00ABEFF1 /* RuntimeViewController.swift in Sources */ = {isa = PBXBuildFile; fileRef = 6327AE481E480CAE00ABEFF1 /* RuntimeViewController.swift */; };
		6327AE4D1E480EC300ABEFF1 /* RuntimeVC.m in Sources */ = {isa = PBXBuildFile; fileRef = 6327AE4C1E480EC300ABEFF1 /* RuntimeVC.m */; };
		6328A6371E6D3ACA00A817C1 /* SwiftProgramViewController.swift in Sources */ = {isa = PBXBuildFile; fileRef = 6328A6361E6D3ACA00A817C1 /* SwiftProgramViewController.swift */; };
		635039DE1EC56482003D4370 /* AVFoundationVC.swift in Sources */ = {isa = PBXBuildFile; fileRef = 635039DD1EC56482003D4370 /* AVFoundationVC.swift */; };
		635039E01EC5648C003D4370 /* AVFoundation.storyboard in Resources */ = {isa = PBXBuildFile; fileRef = 635039DF1EC5648C003D4370 /* AVFoundation.storyboard */; };
		63718B571E4AAEED003D8BA9 /* Database.storyboard in Resources */ = {isa = PBXBuildFile; fileRef = 63718B561E4AAEED003D8BA9 /* Database.storyboard */; };
		63718B591E4AAF49003D8BA9 /* DatabaseViewController.swift in Sources */ = {isa = PBXBuildFile; fileRef = 63718B581E4AAF49003D8BA9 /* DatabaseViewController.swift */; };
		63718B5C1E4AAF5A003D8BA9 /* DatabaseVC.m in Sources */ = {isa = PBXBuildFile; fileRef = 63718B5B1E4AAF5A003D8BA9 /* DatabaseVC.m */; };
		63718B5F1E4AB00E003D8BA9 /* libsqlite3.0.tbd in Frameworks */ = {isa = PBXBuildFile; fileRef = 63718B5E1E4AB00E003D8BA9 /* libsqlite3.0.tbd */; };
		639C76011E53ED3F009E3675 /* LianShiVC.m in Sources */ = {isa = PBXBuildFile; fileRef = 639C76001E53ED3F009E3675 /* LianShiVC.m */; };
		639C76041E53ED53009E3675 /* LianShiView.m in Sources */ = {isa = PBXBuildFile; fileRef = 639C76031E53ED53009E3675 /* LianShiView.m */; };
		63A98F941E52A8A40088E81B /* AnimationVC.m in Sources */ = {isa = PBXBuildFile; fileRef = 63A98F931E52A8A40088E81B /* AnimationVC.m */; };
		63A98F961E52A8B20088E81B /* Animation.storyboard in Resources */ = {isa = PBXBuildFile; fileRef = 63A98F951E52A8B20088E81B /* Animation.storyboard */; };
		63BDD51A20C4CDF800D4EE81 /* NSArrayVC.m in Sources */ = {isa = PBXBuildFile; fileRef = 63BDD51920C4CDF800D4EE81 /* NSArrayVC.m */; };
		63E12D9C208ED4B60059F691 /* Assets.xcassets in Resources */ = {isa = PBXBuildFile; fileRef = 63E12D9B208ED4B60059F691 /* Assets.xcassets */; };
		63E9608F1ED287510064EA8A /* Hobby.swift in Sources */ = {isa = PBXBuildFile; fileRef = 63E9608E1ED287510064EA8A /* Hobby.swift */; };
		63E960911ED288740064EA8A /* Student.swift in Sources */ = {isa = PBXBuildFile; fileRef = 63E960901ED288740064EA8A /* Student.swift */; };
		63F7553C208F0DC2006C8F5B /* MacroVC.m in Sources */ = {isa = PBXBuildFile; fileRef = 63F7553B208F0DC2006C8F5B /* MacroVC.m */; };
		63F7553F20904B68006C8F5B /* LinkList.c in Sources */ = {isa = PBXBuildFile; fileRef = 63F7553E20904B68006C8F5B /* LinkList.c */; };
		63F7555D2092CF92006C8F5B /* StackViewController.m in Sources */ = {isa = PBXBuildFile; fileRef = 63F7555C2092CF91006C8F5B /* StackViewController.m */; };
		63FF2B531EBB1F11004EB150 /* SwiftGrammar.swift in Sources */ = {isa = PBXBuildFile; fileRef = 63FF2B521EBB1F11004EB150 /* SwiftGrammar.swift */; };
/* End PBXBuildFile section */

/* Begin PBXContainerItemProxy section */
		631C43FB1EEF8ABD003A02EA /* PBXContainerItemProxy */ = {
			isa = PBXContainerItemProxy;
			containerPortal = 6327AE281E480BB700ABEFF1 /* Project object */;
			proxyType = 1;
			remoteGlobalIDString = 6327AE2F1E480BB700ABEFF1;
			remoteInfo = StudyNotes;
		};
/* End PBXContainerItemProxy section */

/* Begin PBXFileReference section */
		6301DFC21E6CF706008045EA /* StructVC.h */ = {isa = PBXFileReference; fileEncoding = 4; lastKnownFileType = sourcecode.c.h; path = StructVC.h; sourceTree = "<group>"; };
		6301DFC31E6CF706008045EA /* StructVC.m */ = {isa = PBXFileReference; fileEncoding = 4; lastKnownFileType = sourcecode.c.objc; path = StructVC.m; sourceTree = "<group>"; };
		6301DFC51E6D045B008045EA /* AnimationView.h */ = {isa = PBXFileReference; fileEncoding = 4; lastKnownFileType = sourcecode.c.h; path = AnimationView.h; sourceTree = "<group>"; };
		6301DFC61E6D045B008045EA /* AnimationView.m */ = {isa = PBXFileReference; fileEncoding = 4; lastKnownFileType = sourcecode.c.objc; path = AnimationView.m; sourceTree = "<group>"; };
		63033A431EB1DD8D00295342 /* icon_back_normal@2x.png */ = {isa = PBXFileReference; lastKnownFileType = image.png; path = "icon_back_normal@2x.png"; sourceTree = "<group>"; };
		63033A441EB1DD8D00295342 /* NavigationController.storyboard */ = {isa = PBXFileReference; fileEncoding = 4; lastKnownFileType = file.storyboard; path = NavigationController.storyboard; sourceTree = "<group>"; };
		63033A451EB1DD8D00295342 /* SecondVC.swift */ = {isa = PBXFileReference; fileEncoding = 4; lastKnownFileType = sourcecode.swift; path = SecondVC.swift; sourceTree = "<group>"; };
		63033A4D1EB1DE0900295342 /* PackageView.storyboard */ = {isa = PBXFileReference; fileEncoding = 4; lastKnownFileType = file.storyboard; path = PackageView.storyboard; sourceTree = "<group>"; };
		63033A4F1EB1DE1A00295342 /* PullDownView.h */ = {isa = PBXFileReference; fileEncoding = 4; lastKnownFileType = sourcecode.c.h; path = PullDownView.h; sourceTree = "<group>"; };
		63033A501EB1DE1A00295342 /* PullDownView.m */ = {isa = PBXFileReference; fileEncoding = 4; lastKnownFileType = sourcecode.c.objc; path = PullDownView.m; sourceTree = "<group>"; };
		63033A521EB1DE4300295342 /* PackageViewVC.h */ = {isa = PBXFileReference; fileEncoding = 4; lastKnownFileType = sourcecode.c.h; path = PackageViewVC.h; sourceTree = "<group>"; };
		63033A531EB1DE4300295342 /* PackageViewVC.m */ = {isa = PBXFileReference; fileEncoding = 4; lastKnownFileType = sourcecode.c.objc; path = PackageViewVC.m; sourceTree = "<group>"; };
		630F22101EE53B9A00EF24F1 /* Block.storyboard */ = {isa = PBXFileReference; fileEncoding = 4; lastKnownFileType = file.storyboard; path = Block.storyboard; sourceTree = "<group>"; };
		630F22121EE53BC900EF24F1 /* BlcokViewController.h */ = {isa = PBXFileReference; fileEncoding = 4; lastKnownFileType = sourcecode.c.h; path = BlcokViewController.h; sourceTree = "<group>"; };
		630F22131EE53BC900EF24F1 /* BlcokViewController.m */ = {isa = PBXFileReference; fileEncoding = 4; lastKnownFileType = sourcecode.c.objc; path = BlcokViewController.m; sourceTree = "<group>"; };
		631C43F61EEF8ABD003A02EA /* StudyNotesTests.xctest */ = {isa = PBXFileReference; explicitFileType = wrapper.cfbundle; includeInIndex = 0; path = StudyNotesTests.xctest; sourceTree = BUILT_PRODUCTS_DIR; };
		631C43F81EEF8ABD003A02EA /* StudyNotesTests.swift */ = {isa = PBXFileReference; lastKnownFileType = sourcecode.swift; path = StudyNotesTests.swift; sourceTree = "<group>"; };
		631C43FA1EEF8ABD003A02EA /* Info.plist */ = {isa = PBXFileReference; lastKnownFileType = text.plist.xml; path = Info.plist; sourceTree = "<group>"; };
		631C44021EEF8F01003A02EA /* StudyNotesTests-Bridging-Header.h */ = {isa = PBXFileReference; lastKnownFileType = sourcecode.c.h; name = "StudyNotesTests-Bridging-Header.h"; path = "StudyNotes/SystemFiles/StudyNotesTests-Bridging-Header.h"; sourceTree = SOURCE_ROOT; };
		6322229E1E499F69002361B2 /* Runtime.storyboard */ = {isa = PBXFileReference; fileEncoding = 4; lastKnownFileType = file.storyboard; path = Runtime.storyboard; sourceTree = "<group>"; };
		6327AE301E480BB700ABEFF1 /* StudyNotes.app */ = {isa = PBXFileReference; explicitFileType = wrapper.application; includeInIndex = 0; path = StudyNotes.app; sourceTree = BUILT_PRODUCTS_DIR; };
		6327AE331E480BB700ABEFF1 /* AppDelegate.swift */ = {isa = PBXFileReference; lastKnownFileType = sourcecode.swift; path = AppDelegate.swift; sourceTree = "<group>"; };
		6327AE381E480BB700ABEFF1 /* Base */ = {isa = PBXFileReference; lastKnownFileType = file.storyboard; name = Base; path = Base.lproj/Main.storyboard; sourceTree = "<group>"; };
		6327AE3D1E480BB700ABEFF1 /* Base */ = {isa = PBXFileReference; lastKnownFileType = file.storyboard; name = Base; path = Base.lproj/LaunchScreen.storyboard; sourceTree = "<group>"; };
		6327AE481E480CAE00ABEFF1 /* RuntimeViewController.swift */ = {isa = PBXFileReference; fileEncoding = 4; lastKnownFileType = sourcecode.swift; path = RuntimeViewController.swift; sourceTree = "<group>"; };
		6327AE4B1E480EC300ABEFF1 /* RuntimeVC.h */ = {isa = PBXFileReference; fileEncoding = 4; lastKnownFileType = sourcecode.c.h; path = RuntimeVC.h; sourceTree = "<group>"; };
		6327AE4C1E480EC300ABEFF1 /* RuntimeVC.m */ = {isa = PBXFileReference; fileEncoding = 4; lastKnownFileType = sourcecode.c.objc; path = RuntimeVC.m; sourceTree = "<group>"; };
		6328A6361E6D3ACA00A817C1 /* SwiftProgramViewController.swift */ = {isa = PBXFileReference; fileEncoding = 4; lastKnownFileType = sourcecode.swift; path = SwiftProgramViewController.swift; sourceTree = "<group>"; };
		635039DD1EC56482003D4370 /* AVFoundationVC.swift */ = {isa = PBXFileReference; fileEncoding = 4; lastKnownFileType = sourcecode.swift; path = AVFoundationVC.swift; sourceTree = "<group>"; };
		635039DF1EC5648C003D4370 /* AVFoundation.storyboard */ = {isa = PBXFileReference; fileEncoding = 4; lastKnownFileType = file.storyboard; path = AVFoundation.storyboard; sourceTree = "<group>"; };
		63718B561E4AAEED003D8BA9 /* Database.storyboard */ = {isa = PBXFileReference; fileEncoding = 4; lastKnownFileType = file.storyboard; path = Database.storyboard; sourceTree = "<group>"; };
		63718B581E4AAF49003D8BA9 /* DatabaseViewController.swift */ = {isa = PBXFileReference; fileEncoding = 4; lastKnownFileType = sourcecode.swift; path = DatabaseViewController.swift; sourceTree = "<group>"; };
		63718B5A1E4AAF5A003D8BA9 /* DatabaseVC.h */ = {isa = PBXFileReference; fileEncoding = 4; lastKnownFileType = sourcecode.c.h; path = DatabaseVC.h; sourceTree = "<group>"; };
		63718B5B1E4AAF5A003D8BA9 /* DatabaseVC.m */ = {isa = PBXFileReference; fileEncoding = 4; lastKnownFileType = sourcecode.c.objc; path = DatabaseVC.m; sourceTree = "<group>"; };
		63718B5E1E4AB00E003D8BA9 /* libsqlite3.0.tbd */ = {isa = PBXFileReference; lastKnownFileType = "sourcecode.text-based-dylib-definition"; name = libsqlite3.0.tbd; path = usr/lib/libsqlite3.0.tbd; sourceTree = SDKROOT; };
		639C75FF1E53ED3F009E3675 /* LianShiVC.h */ = {isa = PBXFileReference; fileEncoding = 4; lastKnownFileType = sourcecode.c.h; path = LianShiVC.h; sourceTree = "<group>"; };
		639C76001E53ED3F009E3675 /* LianShiVC.m */ = {isa = PBXFileReference; fileEncoding = 4; lastKnownFileType = sourcecode.c.objc; path = LianShiVC.m; sourceTree = "<group>"; };
		639C76021E53ED53009E3675 /* LianShiView.h */ = {isa = PBXFileReference; fileEncoding = 4; lastKnownFileType = sourcecode.c.h; path = LianShiView.h; sourceTree = "<group>"; };
		639C76031E53ED53009E3675 /* LianShiView.m */ = {isa = PBXFileReference; fileEncoding = 4; lastKnownFileType = sourcecode.c.objc; path = LianShiView.m; sourceTree = "<group>"; };
		63A98F921E52A8A40088E81B /* AnimationVC.h */ = {isa = PBXFileReference; fileEncoding = 4; lastKnownFileType = sourcecode.c.h; path = AnimationVC.h; sourceTree = "<group>"; };
		63A98F931E52A8A40088E81B /* AnimationVC.m */ = {isa = PBXFileReference; fileEncoding = 4; lastKnownFileType = sourcecode.c.objc; path = AnimationVC.m; sourceTree = "<group>"; };
		63A98F951E52A8B20088E81B /* Animation.storyboard */ = {isa = PBXFileReference; fileEncoding = 4; lastKnownFileType = file.storyboard; path = Animation.storyboard; sourceTree = "<group>"; };
		63BDD51820C4CDF800D4EE81 /* NSArrayVC.h */ = {isa = PBXFileReference; lastKnownFileType = sourcecode.c.h; path = NSArrayVC.h; sourceTree = "<group>"; };
		63BDD51920C4CDF800D4EE81 /* NSArrayVC.m */ = {isa = PBXFileReference; lastKnownFileType = sourcecode.c.objc; path = NSArrayVC.m; sourceTree = "<group>"; };
		63E12D9B208ED4B60059F691 /* Assets.xcassets */ = {isa = PBXFileReference; lastKnownFileType = folder.assetcatalog; path = Assets.xcassets; sourceTree = "<group>"; };
		63E9608E1ED287510064EA8A /* Hobby.swift */ = {isa = PBXFileReference; fileEncoding = 4; lastKnownFileType = sourcecode.swift; path = Hobby.swift; sourceTree = "<group>"; };
		63E960901ED288740064EA8A /* Student.swift */ = {isa = PBXFileReference; fileEncoding = 4; lastKnownFileType = sourcecode.swift; path = Student.swift; sourceTree = "<group>"; };
		63F7553A208F0DC2006C8F5B /* MacroVC.h */ = {isa = PBXFileReference; lastKnownFileType = sourcecode.c.h; path = MacroVC.h; sourceTree = "<group>"; };
		63F7553B208F0DC2006C8F5B /* MacroVC.m */ = {isa = PBXFileReference; lastKnownFileType = sourcecode.c.objc; path = MacroVC.m; sourceTree = "<group>"; };
		63F7553D20904B68006C8F5B /* LinkList.h */ = {isa = PBXFileReference; lastKnownFileType = sourcecode.c.h; path = LinkList.h; sourceTree = "<group>"; };
		63F7553E20904B68006C8F5B /* LinkList.c */ = {isa = PBXFileReference; lastKnownFileType = sourcecode.c.c; path = LinkList.c; sourceTree = "<group>"; };
		63F7555B2092CF91006C8F5B /* StackViewController.h */ = {isa = PBXFileReference; lastKnownFileType = sourcecode.c.h; path = StackViewController.h; sourceTree = "<group>"; };
		63F7555C2092CF91006C8F5B /* StackViewController.m */ = {isa = PBXFileReference; lastKnownFileType = sourcecode.c.objc; path = StackViewController.m; sourceTree = "<group>"; };
		63FF2B521EBB1F11004EB150 /* SwiftGrammar.swift */ = {isa = PBXFileReference; fileEncoding = 4; lastKnownFileType = sourcecode.swift; path = SwiftGrammar.swift; sourceTree = "<group>"; };
/* End PBXFileReference section */

/* Begin PBXFrameworksBuildPhase section */
		631C43F31EEF8ABD003A02EA /* Frameworks */ = {
			isa = PBXFrameworksBuildPhase;
			buildActionMask = 2147483647;
			files = (
			);
			runOnlyForDeploymentPostprocessing = 0;
		};
		6327AE2D1E480BB700ABEFF1 /* Frameworks */ = {
			isa = PBXFrameworksBuildPhase;
			buildActionMask = 2147483647;
			files = (
				63718B5F1E4AB00E003D8BA9 /* libsqlite3.0.tbd in Frameworks */,
			);
			runOnlyForDeploymentPostprocessing = 0;
		};
/* End PBXFrameworksBuildPhase section */

/* Begin PBXGroup section */
		6301DFC11E6CF6E1008045EA /* C语言 */ = {
			isa = PBXGroup;
			children = (
				6301DFC21E6CF706008045EA /* StructVC.h */,
				6301DFC31E6CF706008045EA /* StructVC.m */,
				63F7553A208F0DC2006C8F5B /* MacroVC.h */,
				63F7553B208F0DC2006C8F5B /* MacroVC.m */,
				63F7553D20904B68006C8F5B /* LinkList.h */,
				63F7553E20904B68006C8F5B /* LinkList.c */,
			);
			path = "C语言";
			sourceTree = "<group>";
		};
		63033A421EB1DD8D00295342 /* NavigationController */ = {
			isa = PBXGroup;
			children = (
				63033A431EB1DD8D00295342 /* icon_back_normal@2x.png */,
				63033A441EB1DD8D00295342 /* NavigationController.storyboard */,
				63033A451EB1DD8D00295342 /* SecondVC.swift */,
			);
			path = NavigationController;
			sourceTree = "<group>";
		};
		63033A491EB1DDC200295342 /* 控件封装 */ = {
			isa = PBXGroup;
			children = (
				63033A4A1EB1DDC300295342 /* 点击向下弹出视图 */,
				63033A4D1EB1DE0900295342 /* PackageView.storyboard */,
				63033A521EB1DE4300295342 /* PackageViewVC.h */,
				63033A531EB1DE4300295342 /* PackageViewVC.m */,
			);
			path = "控件封装";
			sourceTree = "<group>";
		};
		63033A4A1EB1DDC300295342 /* 点击向下弹出视图 */ = {
			isa = PBXGroup;
			children = (
				63033A4F1EB1DE1A00295342 /* PullDownView.h */,
				63033A501EB1DE1A00295342 /* PullDownView.m */,
			);
			path = "点击向下弹出视图";
			sourceTree = "<group>";
		};
		630F220D1EE53B8000EF24F1 /* Block */ = {
			isa = PBXGroup;
			children = (
				630F22101EE53B9A00EF24F1 /* Block.storyboard */,
				630F22121EE53BC900EF24F1 /* BlcokViewController.h */,
				630F22131EE53BC900EF24F1 /* BlcokViewController.m */,
			);
			path = Block;
			sourceTree = "<group>";
		};
		631C43F71EEF8ABD003A02EA /* StudyNotesTests */ = {
			isa = PBXGroup;
			children = (
				631C43F81EEF8ABD003A02EA /* StudyNotesTests.swift */,
				631C43FA1EEF8ABD003A02EA /* Info.plist */,
			);
			path = StudyNotesTests;
			sourceTree = "<group>";
		};
		6327AE271E480BB700ABEFF1 = {
			isa = PBXGroup;
			children = (
				6327AE321E480BB700ABEFF1 /* StudyNotes */,
				631C43F71EEF8ABD003A02EA /* StudyNotesTests */,
				6327AE311E480BB700ABEFF1 /* Products */,
				63718B5D1E4AB00E003D8BA9 /* Frameworks */,
			);
			sourceTree = "<group>";
		};
		6327AE311E480BB700ABEFF1 /* Products */ = {
			isa = PBXGroup;
			children = (
				6327AE301E480BB700ABEFF1 /* StudyNotes.app */,
				631C43F61EEF8ABD003A02EA /* StudyNotesTests.xctest */,
			);
			name = Products;
			sourceTree = "<group>";
		};
		6327AE321E480BB700ABEFF1 /* StudyNotes */ = {
			isa = PBXGroup;
			children = (
				6327AE331E480BB700ABEFF1 /* AppDelegate.swift */,
				63E12D9D208ED4E50059F691 /* SystemFiles */,
				6327AE451E480BEE00ABEFF1 /* 知识点 */,
			);
			path = StudyNotes;
			sourceTree = "<group>";
		};
		6327AE451E480BEE00ABEFF1 /* 知识点 */ = {
			isa = PBXGroup;
			children = (
				63F7555A2092CF64006C8F5B /* 数据结构 */,
				630F220D1EE53B8000EF24F1 /* Block */,
				63E960791ED284F80064EA8A /* 单元测试 */,
				635039DC1EC56447003D4370 /* AVFundation */,
				63033A491EB1DDC200295342 /* 控件封装 */,
				63033A421EB1DD8D00295342 /* NavigationController */,
				6328A6331E6D3A8300A817C1 /* Swift语法 */,
				6301DFC11E6CF6E1008045EA /* C语言 */,
				639C75FE1E53ED22009E3675 /* 链式语法 */,
				63A98F911E52A8620088E81B /* 动画 */,
				6327AE471E480C8B00ABEFF1 /* Runtime运行时机制 */,
				63718B551E4AAED2003D8BA9 /* 数据持久化 */,
			);
			path = "知识点";
			sourceTree = "<group>";
		};
		6327AE471E480C8B00ABEFF1 /* Runtime运行时机制 */ = {
			isa = PBXGroup;
			children = (
				6327AE481E480CAE00ABEFF1 /* RuntimeViewController.swift */,
				6327AE4B1E480EC300ABEFF1 /* RuntimeVC.h */,
				6327AE4C1E480EC300ABEFF1 /* RuntimeVC.m */,
				6322229E1E499F69002361B2 /* Runtime.storyboard */,
			);
			path = "Runtime运行时机制";
			sourceTree = "<group>";
		};
		6328A6331E6D3A8300A817C1 /* Swift语法 */ = {
			isa = PBXGroup;
			children = (
				6328A6361E6D3ACA00A817C1 /* SwiftProgramViewController.swift */,
				63FF2B521EBB1F11004EB150 /* SwiftGrammar.swift */,
			);
			path = "Swift语法";
			sourceTree = "<group>";
		};
		635039DC1EC56447003D4370 /* AVFundation */ = {
			isa = PBXGroup;
			children = (
				63BDD51720C4CDDC00D4EE81 /* NSArray */,
				635039DF1EC5648C003D4370 /* AVFoundation.storyboard */,
				635039DD1EC56482003D4370 /* AVFoundationVC.swift */,
			);
			path = AVFundation;
			sourceTree = "<group>";
		};
		63718B551E4AAED2003D8BA9 /* 数据持久化 */ = {
			isa = PBXGroup;
			children = (
				63718B561E4AAEED003D8BA9 /* Database.storyboard */,
				63718B581E4AAF49003D8BA9 /* DatabaseViewController.swift */,
				63718B5A1E4AAF5A003D8BA9 /* DatabaseVC.h */,
				63718B5B1E4AAF5A003D8BA9 /* DatabaseVC.m */,
			);
			path = "数据持久化";
			sourceTree = "<group>";
		};
		63718B5D1E4AB00E003D8BA9 /* Frameworks */ = {
			isa = PBXGroup;
			children = (
				63718B5E1E4AB00E003D8BA9 /* libsqlite3.0.tbd */,
			);
			name = Frameworks;
			sourceTree = "<group>";
		};
		639C75FE1E53ED22009E3675 /* 链式语法 */ = {
			isa = PBXGroup;
			children = (
				639C75FF1E53ED3F009E3675 /* LianShiVC.h */,
				639C76001E53ED3F009E3675 /* LianShiVC.m */,
				639C76021E53ED53009E3675 /* LianShiView.h */,
				639C76031E53ED53009E3675 /* LianShiView.m */,
			);
			path = "链式语法";
			sourceTree = "<group>";
		};
		63A98F911E52A8620088E81B /* 动画 */ = {
			isa = PBXGroup;
			children = (
				63A98F951E52A8B20088E81B /* Animation.storyboard */,
				63A98F921E52A8A40088E81B /* AnimationVC.h */,
				63A98F931E52A8A40088E81B /* AnimationVC.m */,
				6301DFC51E6D045B008045EA /* AnimationView.h */,
				6301DFC61E6D045B008045EA /* AnimationView.m */,
			);
			path = "动画";
			sourceTree = "<group>";
		};
		63BDD51720C4CDDC00D4EE81 /* NSArray */ = {
			isa = PBXGroup;
			children = (
				63BDD51820C4CDF800D4EE81 /* NSArrayVC.h */,
				63BDD51920C4CDF800D4EE81 /* NSArrayVC.m */,
			);
			path = NSArray;
			sourceTree = "<group>";
		};
		63E12D9D208ED4E50059F691 /* SystemFiles */ = {
			isa = PBXGroup;
			children = (
				631C44021EEF8F01003A02EA /* StudyNotesTests-Bridging-Header.h */,
				63E12D9B208ED4B60059F691 /* Assets.xcassets */,
				6327AE371E480BB700ABEFF1 /* Main.storyboard */,
				6327AE3C1E480BB700ABEFF1 /* LaunchScreen.storyboard */,
			);
			path = SystemFiles;
			sourceTree = "<group>";
		};
		63E960791ED284F80064EA8A /* 单元测试 */ = {
			isa = PBXGroup;
			children = (
				63E9608E1ED287510064EA8A /* Hobby.swift */,
				63E960901ED288740064EA8A /* Student.swift */,
			);
			path = "单元测试";
			sourceTree = "<group>";
		};
		63F7555A2092CF64006C8F5B /* 数据结构 */ = {
			isa = PBXGroup;
			children = (
				63F7555B2092CF91006C8F5B /* StackViewController.h */,
				63F7555C2092CF91006C8F5B /* StackViewController.m */,
			);
			path = "数据结构";
			sourceTree = "<group>";
		};
/* End PBXGroup section */

/* Begin PBXNativeTarget section */
		631C43F51EEF8ABD003A02EA /* StudyNotesTests */ = {
			isa = PBXNativeTarget;
			buildConfigurationList = 631C43FF1EEF8ABD003A02EA /* Build configuration list for PBXNativeTarget "StudyNotesTests" */;
			buildPhases = (
				631C43F21EEF8ABD003A02EA /* Sources */,
				631C43F31EEF8ABD003A02EA /* Frameworks */,
				631C43F41EEF8ABD003A02EA /* Resources */,
			);
			buildRules = (
			);
			dependencies = (
				631C43FC1EEF8ABD003A02EA /* PBXTargetDependency */,
			);
			name = StudyNotesTests;
			productName = StudyNotesTests;
			productReference = 631C43F61EEF8ABD003A02EA /* StudyNotesTests.xctest */;
			productType = "com.apple.product-type.bundle.unit-test";
		};
		6327AE2F1E480BB700ABEFF1 /* StudyNotes */ = {
			isa = PBXNativeTarget;
			buildConfigurationList = 6327AE421E480BB700ABEFF1 /* Build configuration list for PBXNativeTarget "StudyNotes" */;
			buildPhases = (
				6327AE2C1E480BB700ABEFF1 /* Sources */,
				6327AE2D1E480BB700ABEFF1 /* Frameworks */,
				6327AE2E1E480BB700ABEFF1 /* Resources */,
			);
			buildRules = (
			);
			dependencies = (
			);
			name = StudyNotes;
			productName = StudyNotes;
			productReference = 6327AE301E480BB700ABEFF1 /* StudyNotes.app */;
			productType = "com.apple.product-type.application";
		};
/* End PBXNativeTarget section */

/* Begin PBXProject section */
		6327AE281E480BB700ABEFF1 /* Project object */ = {
			isa = PBXProject;
			attributes = {
				LastSwiftUpdateCheck = 0820;
				LastUpgradeCheck = 0820;
				ORGANIZATIONNAME = zhou;
				TargetAttributes = {
					631C43F51EEF8ABD003A02EA = {
						CreatedOnToolsVersion = 8.2;
						DevelopmentTeam = 33JAALQ86U;
						LastSwiftMigration = 0820;
						ProvisioningStyle = Automatic;
						TestTargetID = 6327AE2F1E480BB700ABEFF1;
					};
					6327AE2F1E480BB700ABEFF1 = {
						CreatedOnToolsVersion = 8.2;
						DevelopmentTeam = QMS64XZLS3;
						LastSwiftMigration = 0820;
						ProvisioningStyle = Automatic;
					};
				};
			};
			buildConfigurationList = 6327AE2B1E480BB700ABEFF1 /* Build configuration list for PBXProject "StudyNotes" */;
			compatibilityVersion = "Xcode 3.2";
			developmentRegion = English;
			hasScannedForEncodings = 0;
			knownRegions = (
				en,
				Base,
			);
			mainGroup = 6327AE271E480BB700ABEFF1;
			productRefGroup = 6327AE311E480BB700ABEFF1 /* Products */;
			projectDirPath = "";
			projectRoot = "";
			targets = (
				6327AE2F1E480BB700ABEFF1 /* StudyNotes */,
				631C43F51EEF8ABD003A02EA /* StudyNotesTests */,
			);
		};
/* End PBXProject section */

/* Begin PBXResourcesBuildPhase section */
		631C43F41EEF8ABD003A02EA /* Resources */ = {
			isa = PBXResourcesBuildPhase;
			buildActionMask = 2147483647;
			files = (
			);
			runOnlyForDeploymentPostprocessing = 0;
		};
		6327AE2E1E480BB700ABEFF1 /* Resources */ = {
			isa = PBXResourcesBuildPhase;
			buildActionMask = 2147483647;
			files = (
				6327AE3E1E480BB700ABEFF1 /* LaunchScreen.storyboard in Resources */,
				6322229F1E499F69002361B2 /* Runtime.storyboard in Resources */,
				63718B571E4AAEED003D8BA9 /* Database.storyboard in Resources */,
				63A98F961E52A8B20088E81B /* Animation.storyboard in Resources */,
				63033A471EB1DD8D00295342 /* NavigationController.storyboard in Resources */,
				630F22111EE53B9A00EF24F1 /* Block.storyboard in Resources */,
				635039E01EC5648C003D4370 /* AVFoundation.storyboard in Resources */,
				63033A461EB1DD8D00295342 /* icon_back_normal@2x.png in Resources */,
				63033A4E1EB1DE0900295342 /* PackageView.storyboard in Resources */,
				63E12D9C208ED4B60059F691 /* Assets.xcassets in Resources */,
				6327AE391E480BB700ABEFF1 /* Main.storyboard in Resources */,
			);
			runOnlyForDeploymentPostprocessing = 0;
		};
/* End PBXResourcesBuildPhase section */

/* Begin PBXSourcesBuildPhase section */
		631C43F21EEF8ABD003A02EA /* Sources */ = {
			isa = PBXSourcesBuildPhase;
			buildActionMask = 2147483647;
			files = (
				631C44051EEF957C003A02EA /* Hobby.swift in Sources */,
				631C43F91EEF8ABD003A02EA /* StudyNotesTests.swift in Sources */,
			);
			runOnlyForDeploymentPostprocessing = 0;
		};
		6327AE2C1E480BB700ABEFF1 /* Sources */ = {
			isa = PBXSourcesBuildPhase;
			buildActionMask = 2147483647;
			files = (
				6327AE491E480CAE00ABEFF1 /* RuntimeViewController.swift in Sources */,
				63718B5C1E4AAF5A003D8BA9 /* DatabaseVC.m in Sources */,
				635039DE1EC56482003D4370 /* AVFoundationVC.swift in Sources */,
				63F7555D2092CF92006C8F5B /* StackViewController.m in Sources */,
				6327AE341E480BB700ABEFF1 /* AppDelegate.swift in Sources */,
				63F7553C208F0DC2006C8F5B /* MacroVC.m in Sources */,
				639C76041E53ED53009E3675 /* LianShiView.m in Sources */,
				6327AE4D1E480EC300ABEFF1 /* RuntimeVC.m in Sources */,
				6328A6371E6D3ACA00A817C1 /* SwiftProgramViewController.swift in Sources */,
				63E960911ED288740064EA8A /* Student.swift in Sources */,
				630F22141EE53BC900EF24F1 /* BlcokViewController.m in Sources */,
				63F7553F20904B68006C8F5B /* LinkList.c in Sources */,
				6301DFC71E6D045B008045EA /* AnimationView.m in Sources */,
				63033A541EB1DE4300295342 /* PackageViewVC.m in Sources */,
				63FF2B531EBB1F11004EB150 /* SwiftGrammar.swift in Sources */,
				63A98F941E52A8A40088E81B /* AnimationVC.m in Sources */,
				6301DFC41E6CF706008045EA /* StructVC.m in Sources */,
				63BDD51A20C4CDF800D4EE81 /* NSArrayVC.m in Sources */,
				63718B591E4AAF49003D8BA9 /* DatabaseViewController.swift in Sources */,
				63E9608F1ED287510064EA8A /* Hobby.swift in Sources */,
				63033A481EB1DD8D00295342 /* SecondVC.swift in Sources */,
				63033A511EB1DE1A00295342 /* PullDownView.m in Sources */,
				639C76011E53ED3F009E3675 /* LianShiVC.m in Sources */,
			);
			runOnlyForDeploymentPostprocessing = 0;
		};
/* End PBXSourcesBuildPhase section */

/* Begin PBXTargetDependency section */
		631C43FC1EEF8ABD003A02EA /* PBXTargetDependency */ = {
			isa = PBXTargetDependency;
			target = 6327AE2F1E480BB700ABEFF1 /* StudyNotes */;
			targetProxy = 631C43FB1EEF8ABD003A02EA /* PBXContainerItemProxy */;
		};
/* End PBXTargetDependency section */

/* Begin PBXVariantGroup section */
		6327AE371E480BB700ABEFF1 /* Main.storyboard */ = {
			isa = PBXVariantGroup;
			children = (
				6327AE381E480BB700ABEFF1 /* Base */,
			);
			name = Main.storyboard;
			path = ..;
			sourceTree = "<group>";
		};
		6327AE3C1E480BB700ABEFF1 /* LaunchScreen.storyboard */ = {
			isa = PBXVariantGroup;
			children = (
				6327AE3D1E480BB700ABEFF1 /* Base */,
			);
			name = LaunchScreen.storyboard;
			path = ..;
			sourceTree = "<group>";
		};
/* End PBXVariantGroup section */

/* Begin XCBuildConfiguration section */
		631C43FD1EEF8ABD003A02EA /* Debug */ = {
			isa = XCBuildConfiguration;
			buildSettings = {
				BUNDLE_LOADER = "$(TEST_HOST)";
				CLANG_ENABLE_MODULES = YES;
				DEVELOPMENT_TEAM = 33JAALQ86U;
				INFOPLIST_FILE = StudyNotesTests/Info.plist;
				LD_RUNPATH_SEARCH_PATHS = "$(inherited) @executable_path/Frameworks @loader_path/Frameworks";
				PRODUCT_BUNDLE_IDENTIFIER = com.zbw.StudyNotesTests;
				PRODUCT_NAME = "$(TARGET_NAME)";
				SWIFT_OBJC_BRIDGING_HEADER = "/Users/zhoubiwen/Desktop/StudyNotes/StudyNotes/StudyNotesTests/StudyNotesTests-Bridging-Header.h";
				SWIFT_OPTIMIZATION_LEVEL = "-Onone";
				SWIFT_VERSION = 3.0;
				TEST_HOST = "$(BUILT_PRODUCTS_DIR)/StudyNotes.app/StudyNotes";
			};
			name = Debug;
		};
		631C43FE1EEF8ABD003A02EA /* Release */ = {
			isa = XCBuildConfiguration;
			buildSettings = {
				BUNDLE_LOADER = "$(TEST_HOST)";
				CLANG_ENABLE_MODULES = YES;
				DEVELOPMENT_TEAM = 33JAALQ86U;
				INFOPLIST_FILE = StudyNotesTests/Info.plist;
				LD_RUNPATH_SEARCH_PATHS = "$(inherited) @executable_path/Frameworks @loader_path/Frameworks";
				PRODUCT_BUNDLE_IDENTIFIER = com.zbw.StudyNotesTests;
				PRODUCT_NAME = "$(TARGET_NAME)";
				SWIFT_OBJC_BRIDGING_HEADER = "/Users/zhoubiwen/Desktop/StudyNotes/StudyNotes/StudyNotesTests/StudyNotesTests-Bridging-Header.h";
				SWIFT_VERSION = 3.0;
				TEST_HOST = "$(BUILT_PRODUCTS_DIR)/StudyNotes.app/StudyNotes";
			};
			name = Release;
		};
		6327AE401E480BB700ABEFF1 /* Debug */ = {
			isa = XCBuildConfiguration;
			buildSettings = {
				ALWAYS_SEARCH_USER_PATHS = NO;
				CLANG_ANALYZER_NONNULL = YES;
				CLANG_CXX_LANGUAGE_STANDARD = "gnu++0x";
				CLANG_CXX_LIBRARY = "libc++";
				CLANG_ENABLE_MODULES = YES;
				CLANG_ENABLE_OBJC_ARC = YES;
				CLANG_WARN_BOOL_CONVERSION = YES;
				CLANG_WARN_CONSTANT_CONVERSION = YES;
				CLANG_WARN_DIRECT_OBJC_ISA_USAGE = YES_ERROR;
				CLANG_WARN_DOCUMENTATION_COMMENTS = YES;
				CLANG_WARN_EMPTY_BODY = YES;
				CLANG_WARN_ENUM_CONVERSION = YES;
				CLANG_WARN_INFINITE_RECURSION = YES;
				CLANG_WARN_INT_CONVERSION = YES;
				CLANG_WARN_OBJC_ROOT_CLASS = YES_ERROR;
				CLANG_WARN_SUSPICIOUS_MOVE = YES;
				CLANG_WARN_UNREACHABLE_CODE = YES;
				CLANG_WARN__DUPLICATE_METHOD_MATCH = YES;
				"CODE_SIGN_IDENTITY[sdk=iphoneos*]" = "iPhone Developer";
				COPY_PHASE_STRIP = NO;
				DEBUG_INFORMATION_FORMAT = dwarf;
				ENABLE_STRICT_OBJC_MSGSEND = YES;
				ENABLE_TESTABILITY = YES;
				GCC_C_LANGUAGE_STANDARD = gnu99;
				GCC_DYNAMIC_NO_PIC = NO;
				GCC_NO_COMMON_BLOCKS = YES;
				GCC_OPTIMIZATION_LEVEL = 0;
				GCC_PREPROCESSOR_DEFINITIONS = (
					"DEBUG=1",
					"$(inherited)",
				);
				GCC_WARN_64_TO_32_BIT_CONVERSION = YES;
				GCC_WARN_ABOUT_RETURN_TYPE = YES_ERROR;
				GCC_WARN_UNDECLARED_SELECTOR = YES;
				GCC_WARN_UNINITIALIZED_AUTOS = YES_AGGRESSIVE;
				GCC_WARN_UNUSED_FUNCTION = YES;
				GCC_WARN_UNUSED_VARIABLE = YES;
				IPHONEOS_DEPLOYMENT_TARGET = 10.2;
				MTL_ENABLE_DEBUG_INFO = YES;
				ONLY_ACTIVE_ARCH = YES;
				SDKROOT = iphoneos;
				SWIFT_ACTIVE_COMPILATION_CONDITIONS = DEBUG;
				SWIFT_OPTIMIZATION_LEVEL = "-Onone";
			};
			name = Debug;
		};
		6327AE411E480BB700ABEFF1 /* Release */ = {
			isa = XCBuildConfiguration;
			buildSettings = {
				ALWAYS_SEARCH_USER_PATHS = NO;
				CLANG_ANALYZER_NONNULL = YES;
				CLANG_CXX_LANGUAGE_STANDARD = "gnu++0x";
				CLANG_CXX_LIBRARY = "libc++";
				CLANG_ENABLE_MODULES = YES;
				CLANG_ENABLE_OBJC_ARC = YES;
				CLANG_WARN_BOOL_CONVERSION = YES;
				CLANG_WARN_CONSTANT_CONVERSION = YES;
				CLANG_WARN_DIRECT_OBJC_ISA_USAGE = YES_ERROR;
				CLANG_WARN_DOCUMENTATION_COMMENTS = YES;
				CLANG_WARN_EMPTY_BODY = YES;
				CLANG_WARN_ENUM_CONVERSION = YES;
				CLANG_WARN_INFINITE_RECURSION = YES;
				CLANG_WARN_INT_CONVERSION = YES;
				CLANG_WARN_OBJC_ROOT_CLASS = YES_ERROR;
				CLANG_WARN_SUSPICIOUS_MOVE = YES;
				CLANG_WARN_UNREACHABLE_CODE = YES;
				CLANG_WARN__DUPLICATE_METHOD_MATCH = YES;
				"CODE_SIGN_IDENTITY[sdk=iphoneos*]" = "iPhone Developer";
				COPY_PHASE_STRIP = NO;
				DEBUG_INFORMATION_FORMAT = "dwarf-with-dsym";
				ENABLE_NS_ASSERTIONS = NO;
				ENABLE_STRICT_OBJC_MSGSEND = YES;
				GCC_C_LANGUAGE_STANDARD = gnu99;
				GCC_NO_COMMON_BLOCKS = YES;
				GCC_WARN_64_TO_32_BIT_CONVERSION = YES;
				GCC_WARN_ABOUT_RETURN_TYPE = YES_ERROR;
				GCC_WARN_UNDECLARED_SELECTOR = YES;
				GCC_WARN_UNINITIALIZED_AUTOS = YES_AGGRESSIVE;
				GCC_WARN_UNUSED_FUNCTION = YES;
				GCC_WARN_UNUSED_VARIABLE = YES;
				IPHONEOS_DEPLOYMENT_TARGET = 10.2;
				MTL_ENABLE_DEBUG_INFO = NO;
				SDKROOT = iphoneos;
				SWIFT_OPTIMIZATION_LEVEL = "-Owholemodule";
				VALIDATE_PRODUCT = YES;
			};
			name = Release;
		};
		6327AE431E480BB700ABEFF1 /* Debug */ = {
			isa = XCBuildConfiguration;
			buildSettings = {
				ASSETCATALOG_COMPILER_APPICON_NAME = AppIcon;
				CLANG_ENABLE_CODE_COVERAGE = NO;
				CLANG_ENABLE_MODULES = YES;
				CLANG_ENABLE_OBJC_ARC = YES;
				DEVELOPMENT_TEAM = QMS64XZLS3;
				ENABLE_STRICT_OBJC_MSGSEND = NO;
				ENABLE_TESTABILITY = NO;
				INFOPLIST_FILE = StudyNotes/Info.plist;
				IPHONEOS_DEPLOYMENT_TARGET = 8.0;
				LD_RUNPATH_SEARCH_PATHS = "$(inherited) @executable_path/Frameworks";
				PRODUCT_BUNDLE_IDENTIFIER = com.zhou.StudyNotes;
				PRODUCT_NAME = "$(TARGET_NAME)";
				SWIFT_OBJC_BRIDGING_HEADER = "/Users/zhoubiwen/Desktop/StudyNotes/StudyNotes/StudyNotes/SystemFiles/StudyNotesTests-Bridging-Header.h";
				SWIFT_OBJC_INTERFACE_HEADER_NAME = "";
				SWIFT_OPTIMIZATION_LEVEL = "-Onone";
				SWIFT_VERSION = 3.0;
			};
			name = Debug;
		};
		6327AE441E480BB700ABEFF1 /* Release */ = {
			isa = XCBuildConfiguration;
			buildSettings = {
				ASSETCATALOG_COMPILER_APPICON_NAME = AppIcon;
				CLANG_ENABLE_CODE_COVERAGE = NO;
				CLANG_ENABLE_MODULES = YES;
				CLANG_ENABLE_OBJC_ARC = YES;
				DEVELOPMENT_TEAM = QMS64XZLS3;
				ENABLE_STRICT_OBJC_MSGSEND = NO;
				INFOPLIST_FILE = StudyNotes/Info.plist;
				IPHONEOS_DEPLOYMENT_TARGET = 8.0;
				LD_RUNPATH_SEARCH_PATHS = "$(inherited) @executable_path/Frameworks";
				PRODUCT_BUNDLE_IDENTIFIER = com.zhou.StudyNotes;
				PRODUCT_NAME = "$(TARGET_NAME)";
				SWIFT_OBJC_BRIDGING_HEADER = "/Users/zhoubiwen/Desktop/StudyNotes/StudyNotes/StudyNotes/SystemFiles/StudyNotesTests-Bridging-Header.h";
				SWIFT_OBJC_INTERFACE_HEADER_NAME = "";
				SWIFT_VERSION = 3.0;
			};
			name = Release;
		};
/* End XCBuildConfiguration section */

/* Begin XCConfigurationList section */
		631C43FF1EEF8ABD003A02EA /* Build configuration list for PBXNativeTarget "StudyNotesTests" */ = {
			isa = XCConfigurationList;
			buildConfigurations = (
				631C43FD1EEF8ABD003A02EA /* Debug */,
				631C43FE1EEF8ABD003A02EA /* Release */,
			);
			defaultConfigurationIsVisible = 0;
			defaultConfigurationName = Release;
		};
		6327AE2B1E480BB700ABEFF1 /* Build configuration list for PBXProject "StudyNotes" */ = {
			isa = XCConfigurationList;
			buildConfigurations = (
				6327AE401E480BB700ABEFF1 /* Debug */,
				6327AE411E480BB700ABEFF1 /* Release */,
			);
			defaultConfigurationIsVisible = 0;
			defaultConfigurationName = Release;
		};
		6327AE421E480BB700ABEFF1 /* Build configuration list for PBXNativeTarget "StudyNotes" */ = {
			isa = XCConfigurationList;
			buildConfigurations = (
				6327AE431E480BB700ABEFF1 /* Debug */,
				6327AE441E480BB700ABEFF1 /* Release */,
			);
			defaultConfigurationIsVisible = 0;
			defaultConfigurationName = Release;
		};
/* End XCConfigurationList section */
	};
	rootObject = 6327AE281E480BB700ABEFF1 /* Project object */;
}
